# THIS IS AN AUTOGENERATED FILE. DO NOT EDIT THIS FILE DIRECTLY.
# yarn lockfile v1


"@mytool/cli@^0.1.0":
  version "0.1.1"
  resolved "https://registry.yarnpkg.com/@mytool/cli/-/cli-0.1.1.tgz#7beca7676cb04199ff8f452dcdd9e719910439d6"
  integrity sha512-FlARpoqNKQr+XZw2+luFmIOTRXV7Sq9ZujwELEBQgirk3dq5ydEOcJSS0AVs5Hfs2XMvE98Ex4GQWsUckwwVsQ==

"@mytool/core@^0.1.0":
  version "0.1.1"
  resolved "https://registry.yarnpkg.com/@mytool/core/-/core-0.1.1.tgz#8f0b65afbb9d0bcf20dd107e474802d5f73dee52"
  integrity sha512-O50TFevGU0qmKy6pLD3lE4N5iE2KEOTxzl4A77OH9AkmEgUQmCq+a8naP/bb6smvREeMSvtehpx4sNHbDSCNLA==

"@mytool/server@^0.1.0":
  version "0.1.1"
  resolved "https://registry.yarnpkg.com/@mytool/server/-/server-0.1.1.tgz#92dfcbb543fdde31787a95df29a4550f09349f44"
  integrity sha512-nH3N0R2rrCk8yLzdJyu22Q41oRsJf4WqloYDf+aHEKLkUIwNuvdETth/Dk7ALhdlP4rT2rAPxOnngQt7NrFAkQ==
