# THIS IS AN AUTOGENERATED FILE. DO NOT EDIT THIS FILE DIRECTLY.
# yarn lockfile v1


"@mytool/cli@^0.1.0":
  version "0.1.0"
  resolved "https://registry.yarnpkg.com/@mytool/cli/-/cli-0.1.0.tgz#b378a907b6bfcee4d8130f59a5568f6a44d8ebcc"
  integrity sha512-0v3gAjyc+GVey9h+yaxLEfRYhOs80S/GagII6Rtq7e6f5Yl5x7UE0b5tHVgcoI+nK8hNzMKlpXXn9/G00aZgSw==

"@mytool/core@^0.1.0":
  version "0.1.0"
  resolved "https://registry.yarnpkg.com/@mytool/core/-/core-0.1.0.tgz#76ed0c776e1ca31f519b8d7eb0b9783109bad4d6"
  integrity sha512-3aW4X7WM6ujs295/3OE+geJOA4nM1c+QcQ63DXZsM/HaDMRgAurUU66d9/ZX05S1peB0DcUJcNXinMmckgt+PA==

"@mytool/server@^0.1.0":
  version "0.1.0"
  resolved "https://registry.yarnpkg.com/@mytool/server/-/server-0.1.0.tgz#a84373123695635b157986e4e2f44f76764f566d"
  integrity sha512-CSo7Kvlo8wt3j92TFcF6/12J1m+31jJq0HLPyzEpGV59BrqgzCLiPS50OxgGcjGzsN3tjCJ6o9z7tXffoSl7gQ==
